
Microsoft Visual Studio Solution File, Format Version 12.00
# Visual Studio 15
VisualStudioVersion = 15.0.27703.2018
MinimumVisualStudioVersion = 10.0.40219.1
Project("{2150E333-8FDC-42A3-9474-1A3956D46DE8}") = "BUSINESS", "BUSINESS", "{70AA5960-B754-46D3-B839-0595EC8D5105}"
EndProject
Project("{2150E333-8FDC-42A3-9474-1A3956D46DE8}") = "SERVICES", "SERVICES", "{D244A33D-85E3-4A1F-949C-1E097CF3F818}"
EndProject
Project("{FAE04EC0-301F-11D3-BF4B-00C04F79EFBC}") = "ThreeBits.Entities", "ThreeBits.Entities\ThreeBits.Entities.csproj", "{FE9C5E26-2E16-4A8A-B146-17BAE06AD908}"
EndProject
Project("{FAE04EC0-301F-11D3-BF4B-00C04F79EFBC}") = "ThreeBits.Data", "ThreeBits.Data\ThreeBits.Data.csproj", "{F052D0FE-DE53-4F2D-A11F-FF011CB2916B}"
EndProject
Project("{FAE04EC0-301F-11D3-BF4B-00C04F79EFBC}") = "ThreeBits.Business", "ThreeBits.Business\ThreeBits.Business.csproj", "{73C2B071-FB81-4899-8078-D0EEB14357FD}"
	ProjectSection(ProjectDependencies) = postProject
		{FE9C5E26-2E16-4A8A-B146-17BAE06AD908} = {FE9C5E26-2E16-4A8A-B146-17BAE06AD908}
		{F052D0FE-DE53-4F2D-A11F-FF011CB2916B} = {F052D0FE-DE53-4F2D-A11F-FF011CB2916B}
	EndProjectSection
EndProject
Project("{FAE04EC0-301F-11D3-BF4B-00C04F79EFBC}") = "ThreeBits.WCFService", "ThreeBits.WCFService\ThreeBits.WCFService.csproj", "{F5113302-9BB2-4BB9-82ED-3EE5215A94B5}"
EndProject
Project("{2150E333-8FDC-42A3-9474-1A3956D46DE8}") = "HOST", "HOST", "{B7D7684F-CE17-46E1-990D-71143ECB9C46}"
EndProject
Project("{FAE04EC0-301F-11D3-BF4B-00C04F79EFBC}") = "ThreeBits.Security.Portal", "ThreeBits.Security.Portal\ThreeBits.Security.Portal.csproj", "{A10FC15F-E073-4234-9023-C33979C7FF2C}"
EndProject
Global
	GlobalSection(SolutionConfigurationPlatforms) = preSolution
		Debug|Any CPU = Debug|Any CPU
		Release|Any CPU = Release|Any CPU
	EndGlobalSection
	GlobalSection(ProjectConfigurationPlatforms) = postSolution
		{FE9C5E26-2E16-4A8A-B146-17BAE06AD908}.Debug|Any CPU.ActiveCfg = Debug|Any CPU
		{FE9C5E26-2E16-4A8A-B146-17BAE06AD908}.Debug|Any CPU.Build.0 = Debug|Any CPU
		{FE9C5E26-2E16-4A8A-B146-17BAE06AD908}.Release|Any CPU.ActiveCfg = Release|Any CPU
		{FE9C5E26-2E16-4A8A-B146-17BAE06AD908}.Release|Any CPU.Build.0 = Release|Any CPU
		{F052D0FE-DE53-4F2D-A11F-FF011CB2916B}.Debug|Any CPU.ActiveCfg = Debug|Any CPU
		{F052D0FE-DE53-4F2D-A11F-FF011CB2916B}.Debug|Any CPU.Build.0 = Debug|Any CPU
		{F052D0FE-DE53-4F2D-A11F-FF011CB2916B}.Release|Any CPU.ActiveCfg = Release|Any CPU
		{F052D0FE-DE53-4F2D-A11F-FF011CB2916B}.Release|Any CPU.Build.0 = Release|Any CPU
		{73C2B071-FB81-4899-8078-D0EEB14357FD}.Debug|Any CPU.ActiveCfg = Debug|Any CPU
		{73C2B071-FB81-4899-8078-D0EEB14357FD}.Debug|Any CPU.Build.0 = Debug|Any CPU
		{73C2B071-FB81-4899-8078-D0EEB14357FD}.Release|Any CPU.ActiveCfg = Release|Any CPU
		{73C2B071-FB81-4899-8078-D0EEB14357FD}.Release|Any CPU.Build.0 = Release|Any CPU
		{F5113302-9BB2-4BB9-82ED-3EE5215A94B5}.Debug|Any CPU.ActiveCfg = Debug|Any CPU
		{F5113302-9BB2-4BB9-82ED-3EE5215A94B5}.Debug|Any CPU.Build.0 = Debug|Any CPU
		{F5113302-9BB2-4BB9-82ED-3EE5215A94B5}.Release|Any CPU.ActiveCfg = Release|Any CPU
		{F5113302-9BB2-4BB9-82ED-3EE5215A94B5}.Release|Any CPU.Build.0 = Release|Any CPU
		{A10FC15F-E073-4234-9023-C33979C7FF2C}.Debug|Any CPU.ActiveCfg = Debug|Any CPU
		{A10FC15F-E073-4234-9023-C33979C7FF2C}.Debug|Any CPU.Build.0 = Debug|Any CPU
		{A10FC15F-E073-4234-9023-C33979C7FF2C}.Release|Any CPU.ActiveCfg = Release|Any CPU
		{A10FC15F-E073-4234-9023-C33979C7FF2C}.Release|Any CPU.Build.0 = Release|Any CPU
	EndGlobalSection
	GlobalSection(SolutionProperties) = preSolution
		HideSolutionNode = FALSE
	EndGlobalSection
	GlobalSection(NestedProjects) = preSolution
		{FE9C5E26-2E16-4A8A-B146-17BAE06AD908} = {70AA5960-B754-46D3-B839-0595EC8D5105}
		{F052D0FE-DE53-4F2D-A11F-FF011CB2916B} = {70AA5960-B754-46D3-B839-0595EC8D5105}
		{73C2B071-FB81-4899-8078-D0EEB14357FD} = {70AA5960-B754-46D3-B839-0595EC8D5105}
		{F5113302-9BB2-4BB9-82ED-3EE5215A94B5} = {D244A33D-85E3-4A1F-949C-1E097CF3F818}
		{A10FC15F-E073-4234-9023-C33979C7FF2C} = {B7D7684F-CE17-46E1-990D-71143ECB9C46}
	EndGlobalSection
	GlobalSection(ExtensibilityGlobals) = postSolution
		SolutionGuid = {BD21E6AB-B1D1-455B-BCA5-8E67947271E0}
	EndGlobalSection
EndGlobal
